// !$*UTF8*$!
{
	archiveVersion = 1;
	classes = {
	};
	objectVersion = 77;
	objects = {

/* Begin PBXBuildFile section */
		9C15F1752EAA716600A1B13E /* avif in Frameworks */ = {isa = PBXBuildFile; productRef = 9C15F1742EAA716600A1B13E /* avif */; };
		9CB7FA7B2E95F99900ADAEB7 /* Auth in Frameworks */ = {isa = PBXBuildFile; productRef = 9CB7FA7A2E95F99900ADAEB7 /* Auth */; };
		9CB7FA7D2E95F99900ADAEB7 /* Functions in Frameworks */ = {isa = PBXBuildFile; productRef = 9CB7FA7C2E95F99900ADAEB7 /* Functions */; };
		9CB7FA7F2E95F99900ADAEB7 /* PostgREST in Frameworks */ = {isa = PBXBuildFile; productRef = 9CB7FA7E2E95F99900ADAEB7 /* PostgREST */; };
		9CB7FA812E95F99900ADAEB7 /* Realtime in Frameworks */ = {isa = PBXBuildFile; productRef = 9CB7FA802E95F99900ADAEB7 /* Realtime */; };
		9CB7FA832E95F99900ADAEB7 /* Storage in Frameworks */ = {isa = PBXBuildFile; productRef = 9CB7FA822E95F99900ADAEB7 /* Storage */; };
		9CB7FA852E95FBB100ADAEB7 /* Supabase in Frameworks */ = {isa = PBXBuildFile; productRef = 9CB7FA842E95FBB100ADAEB7 /* Supabase */; };
/* End PBXBuildFile section */

/* Begin PBXContainerItemProxy section */
		9CB7FA502E8F79AC00ADAEB7 /* PBXContainerItemProxy */ = {
			isa = PBXContainerItemProxy;
			containerPortal = 9CB7FA392E8F79AA00ADAEB7 /* Project object */;
			proxyType = 1;
			remoteGlobalIDString = 9CB7FA402E8F79AA00ADAEB7;
			remoteInfo = "PATCH'D";
		};
		9CB7FA5A2E8F79AC00ADAEB7 /* PBXContainerItemProxy */ = {
			isa = PBXContainerItemProxy;
			containerPortal = 9CB7FA392E8F79AA00ADAEB7 /* Project object */;
			proxyType = 1;
			remoteGlobalIDString = 9CB7FA402E8F79AA00ADAEB7;
			remoteInfo = "PATCH'D";
		};
/* End PBXContainerItemProxy section */

/* Begin PBXFileReference section */
		9CB7FA412E8F79AA00ADAEB7 /* PATCH'D.app */ = {isa = PBXFileReference; explicitFileType = wrapper.application; includeInIndex = 0; path = "PATCH'D.app"; sourceTree = BUILT_PRODUCTS_DIR; };
		9CB7FA4F2E8F79AC00ADAEB7 /* PATCH'DTests.xctest */ = {isa = PBXFileReference; explicitFileType = wrapper.cfbundle; includeInIndex = 0; path = "PATCH'DTests.xctest"; sourceTree = BUILT_PRODUCTS_DIR; };
		9CB7FA592E8F79AC00ADAEB7 /* PATCH'DUITests.xctest */ = {isa = PBXFileReference; explicitFileType = wrapper.cfbundle; includeInIndex = 0; path = "PATCH'DUITests.xctest"; sourceTree = BUILT_PRODUCTS_DIR; };
/* End PBXFileReference section */

/* Begin PBXFileSystemSynchronizedRootGroup section */
		9CB7FA432E8F79AA00ADAEB7 /* PATCH'D */ = {
			isa = PBXFileSystemSynchronizedRootGroup;
			path = "PATCH'D";
			sourceTree = "<group>";
		};
		9CB7FA522E8F79AC00ADAEB7 /* PATCH'DTests */ = {
			isa = PBXFileSystemSynchronizedRootGroup;
			path = "PATCH'DTests";
			sourceTree = "<group>";
		};
		9CB7FA5C2E8F79AC00ADAEB7 /* PATCH'DUITests */ = {
			isa = PBXFileSystemSynchronizedRootGroup;
			path = "PATCH'DUITests";
			sourceTree = "<group>";
		};
/* End PBXFileSystemSynchronizedRootGroup section */

/* Begin PBXFrameworksBuildPhase section */
		9CB7FA3E2E8F79AA00ADAEB7 /* Frameworks */ = {
			isa = PBXFrameworksBuildPhase;
			buildActionMask = 2147483647;
			files = (
				9C15F1752EAA716600A1B13E /* avif in Frameworks */,
				9CB7FA7F2E95F99900ADAEB7 /* PostgREST in Frameworks */,
				9CB7FA7D2E95F99900ADAEB7 /* Functions in Frameworks */,
				9CB7FA852E95FBB100ADAEB7 /* Supabase in Frameworks */,
				9CB7FA7B2E95F99900ADAEB7 /* Auth in Frameworks */,
				9CB7FA832E95F99900ADAEB7 /* Storage in Frameworks */,
				9CB7FA812E95F99900ADAEB7 /* Realtime in Frameworks */,
			);
			runOnlyForDeploymentPostprocessing = 0;
		};
		9CB7FA4C2E8F79AC00ADAEB7 /* Frameworks */ = {
			isa = PBXFrameworksBuildPhase;
			buildActionMask = 2147483647;
			files = (
			);
			runOnlyForDeploymentPostprocessing = 0;
		};
		9CB7FA562E8F79AC00ADAEB7 /* Frameworks */ = {
			isa = PBXFrameworksBuildPhase;
			buildActionMask = 2147483647;
			files = (
			);
			runOnlyForDeploymentPostprocessing = 0;
		};
/* End PBXFrameworksBuildPhase section */

/* Begin PBXGroup section */
		9CB7FA382E8F79AA00ADAEB7 = {
			isa = PBXGroup;
			children = (
				9CB7FA432E8F79AA00ADAEB7 /* PATCH'D */,
				9CB7FA522E8F79AC00ADAEB7 /* PATCH'DTests */,
				9CB7FA5C2E8F79AC00ADAEB7 /* PATCH'DUITests */,
				9CB7FA422E8F79AA00ADAEB7 /* Products */,
			);
			sourceTree = "<group>";
		};
		9CB7FA422E8F79AA00ADAEB7 /* Products */ = {
			isa = PBXGroup;
			children = (
				9CB7FA412E8F79AA00ADAEB7 /* PATCH'D.app */,
				9CB7FA4F2E8F79AC00ADAEB7 /* PATCH'DTests.xctest */,
				9CB7FA592E8F79AC00ADAEB7 /* PATCH'DUITests.xctest */,
			);
			name = Products;
			sourceTree = "<group>";
		};
/* End PBXGroup section */

/* Begin PBXNativeTarget section */
		9CB7FA402E8F79AA00ADAEB7 /* PATCH'D */ = {
			isa = PBXNativeTarget;
			buildConfigurationList = 9CB7FA632E8F79AC00ADAEB7 /* Build configuration list for PBXNativeTarget "PATCH'D" */;
			buildPhases = (
				9CB7FA3D2E8F79AA00ADAEB7 /* Sources */,
				9CB7FA3E2E8F79AA00ADAEB7 /* Frameworks */,
				9CB7FA3F2E8F79AA00ADAEB7 /* Resources */,
			);
			buildRules = (
			);
			dependencies = (
			);
			fileSystemSynchronizedGroups = (
				9CB7FA432E8F79AA00ADAEB7 /* PATCH'D */,
			);
			name = "PATCH'D";
			packageProductDependencies = (
				9CB7FA7A2E95F99900ADAEB7 /* Auth */,
				9CB7FA7C2E95F99900ADAEB7 /* Functions */,
				9CB7FA7E2E95F99900ADAEB7 /* PostgREST */,
				9CB7FA802E95F99900ADAEB7 /* Realtime */,
				9CB7FA822E95F99900ADAEB7 /* Storage */,
				9CB7FA842E95FBB100ADAEB7 /* Supabase */,
				9C15F1742EAA716600A1B13E /* avif */,
			);
			productName = "PATCH'D";
			productReference = 9CB7FA412E8F79AA00ADAEB7 /* PATCH'D.app */;
			productType = "com.apple.product-type.application";
		};
		9CB7FA4E2E8F79AC00ADAEB7 /* PATCH'DTests */ = {
			isa = PBXNativeTarget;
			buildConfigurationList = 9CB7FA662E8F79AC00ADAEB7 /* Build configuration list for PBXNativeTarget "PATCH'DTests" */;
			buildPhases = (
				9CB7FA4B2E8F79AC00ADAEB7 /* Sources */,
				9CB7FA4C2E8F79AC00ADAEB7 /* Frameworks */,
				9CB7FA4D2E8F79AC00ADAEB7 /* Resources */,
			);
			buildRules = (
			);
			dependencies = (
				9CB7FA512E8F79AC00ADAEB7 /* PBXTargetDependency */,
			);
			fileSystemSynchronizedGroups = (
				9CB7FA522E8F79AC00ADAEB7 /* PATCH'DTests */,
			);
			name = "PATCH'DTests";
			packageProductDependencies = (
			);
			productName = "PATCH'DTests";
			productReference = 9CB7FA4F2E8F79AC00ADAEB7 /* PATCH'DTests.xctest */;
			productType = "com.apple.product-type.bundle.unit-test";
		};
		9CB7FA582E8F79AC00ADAEB7 /* PATCH'DUITests */ = {
			isa = PBXNativeTarget;
			buildConfigurationList = 9CB7FA692E8F79AC00ADAEB7 /* Build configuration list for PBXNativeTarget "PATCH'DUITests" */;
			buildPhases = (
				9CB7FA552E8F79AC00ADAEB7 /* Sources */,
				9CB7FA562E8F79AC00ADAEB7 /* Frameworks */,
				9CB7FA572E8F79AC00ADAEB7 /* Resources */,
			);
			buildRules = (
			);
			dependencies = (
				9CB7FA5B2E8F79AC00ADAEB7 /* PBXTargetDependency */,
			);
			fileSystemSynchronizedGroups = (
				9CB7FA5C2E8F79AC00ADAEB7 /* PATCH'DUITests */,
			);
			name = "PATCH'DUITests";
			packageProductDependencies = (
			);
			productName = "PATCH'DUITests";
			productReference = 9CB7FA592E8F79AC00ADAEB7 /* PATCH'DUITests.xctest */;
			productType = "com.apple.product-type.bundle.ui-testing";
		};
/* End PBXNativeTarget section */

/* Begin PBXProject section */
		9CB7FA392E8F79AA00ADAEB7 /* Project object */ = {
			isa = PBXProject;
			attributes = {
				BuildIndependentTargetsInParallel = 1;
				LastSwiftUpdateCheck = 1640;
				LastUpgradeCheck = 1640;
				TargetAttributes = {
					9CB7FA402E8F79AA00ADAEB7 = {
						CreatedOnToolsVersion = 16.4;
					};
					9CB7FA4E2E8F79AC00ADAEB7 = {
						CreatedOnToolsVersion = 16.4;
						TestTargetID = 9CB7FA402E8F79AA00ADAEB7;
					};
					9CB7FA582E8F79AC00ADAEB7 = {
						CreatedOnToolsVersion = 16.4;
						TestTargetID = 9CB7FA402E8F79AA00ADAEB7;
					};
				};
			};
			buildConfigurationList = 9CB7FA3C2E8F79AA00ADAEB7 /* Build configuration list for PBXProject "PATCH'D" */;
			developmentRegion = en;
			hasScannedForEncodings = 0;
			knownRegions = (
				en,
				Base,
			);
			mainGroup = 9CB7FA382E8F79AA00ADAEB7;
			minimizedProjectReferenceProxies = 1;
			packageReferences = (
				9CB7FA792E95F99900ADAEB7 /* XCRemoteSwiftPackageReference "supabase-swift" */,
				9C15F1732EAA716600A1B13E /* XCRemoteSwiftPackageReference "avif.swift" */,
			);
			preferredProjectObjectVersion = 77;
			productRefGroup = 9CB7FA422E8F79AA00ADAEB7 /* Products */;
			projectDirPath = "";
			projectRoot = "";
			targets = (
				9CB7FA402E8F79AA00ADAEB7 /* PATCH'D */,
				9CB7FA4E2E8F79AC00ADAEB7 /* PATCH'DTests */,
				9CB7FA582E8F79AC00ADAEB7 /* PATCH'DUITests */,
			);
		};
/* End PBXProject section */

/* Begin PBXResourcesBuildPhase section */
		9CB7FA3F2E8F79AA00ADAEB7 /* Resources */ = {
			isa = PBXResourcesBuildPhase;
			buildActionMask = 2147483647;
			files = (
			);
			runOnlyForDeploymentPostprocessing = 0;
		};
		9CB7FA4D2E8F79AC00ADAEB7 /* Resources */ = {
			isa = PBXResourcesBuildPhase;
			buildActionMask = 2147483647;
			files = (
			);
			runOnlyForDeploymentPostprocessing = 0;
		};
		9CB7FA572E8F79AC00ADAEB7 /* Resources */ = {
			isa = PBXResourcesBuildPhase;
			buildActionMask = 2147483647;
			files = (
			);
			runOnlyForDeploymentPostprocessing = 0;
		};
/* End PBXResourcesBuildPhase section */

/* Begin PBXSourcesBuildPhase section */
		9CB7FA3D2E8F79AA00ADAEB7 /* Sources */ = {
			isa = PBXSourcesBuildPhase;
			buildActionMask = 2147483647;
			files = (
			);
			runOnlyForDeploymentPostprocessing = 0;
		};
		9CB7FA4B2E8F79AC00ADAEB7 /* Sources */ = {
			isa = PBXSourcesBuildPhase;
			buildActionMask = 2147483647;
			files = (
			);
			runOnlyForDeploymentPostprocessing = 0;
		};
		9CB7FA552E8F79AC00ADAEB7 /* Sources */ = {
			isa = PBXSourcesBuildPhase;
			buildActionMask = 2147483647;
			files = (
			);
			runOnlyForDeploymentPostprocessing = 0;
		};
/* End PBXSourcesBuildPhase section */

/* Begin PBXTargetDependency section */
		9CB7FA512E8F79AC00ADAEB7 /* PBXTargetDependency */ = {
			isa = PBXTargetDependency;
			target = 9CB7FA402E8F79AA00ADAEB7 /* PATCH'D */;
			targetProxy = 9CB7FA502E8F79AC00ADAEB7 /* PBXContainerItemProxy */;
		};
		9CB7FA5B2E8F79AC00ADAEB7 /* PBXTargetDependency */ = {
			isa = PBXTargetDependency;
			target = 9CB7FA402E8F79AA00ADAEB7 /* PATCH'D */;
			targetProxy = 9CB7FA5A2E8F79AC00ADAEB7 /* PBXContainerItemProxy */;
		};
/* End PBXTargetDependency section */

/* Begin XCBuildConfiguration section */
		9CB7FA612E8F79AC00ADAEB7 /* Debug */ = {
			isa = XCBuildConfiguration;
			buildSettings = {
				ALWAYS_SEARCH_USER_PATHS = NO;
				ASSETCATALOG_COMPILER_GENERATE_SWIFT_ASSET_SYMBOL_EXTENSIONS = YES;
				CLANG_ANALYZER_NONNULL = YES;
				CLANG_ANALYZER_NUMBER_OBJECT_CONVERSION = YES_AGGRESSIVE;
				CLANG_CXX_LANGUAGE_STANDARD = "gnu++20";
				CLANG_ENABLE_MODULES = YES;
				CLANG_ENABLE_OBJC_ARC = YES;
				CLANG_ENABLE_OBJC_WEAK = YES;
				CLANG_WARN_BLOCK_CAPTURE_AUTORELEASING = YES;
				CLANG_WARN_BOOL_CONVERSION = YES;
				CLANG_WARN_COMMA = YES;
				CLANG_WARN_CONSTANT_CONVERSION = YES;
				CLANG_WARN_DEPRECATED_OBJC_IMPLEMENTATIONS = YES;
				CLANG_WARN_DIRECT_OBJC_ISA_USAGE = YES_ERROR;
				CLANG_WARN_DOCUMENTATION_COMMENTS = YES;
				CLANG_WARN_EMPTY_BODY = YES;
				CLANG_WARN_ENUM_CONVERSION = YES;
				CLANG_WARN_INFINITE_RECURSION = YES;
				CLANG_WARN_INT_CONVERSION = YES;
				CLANG_WARN_NON_LITERAL_NULL_CONVERSION = YES;
				CLANG_WARN_OBJC_IMPLICIT_RETAIN_SELF = YES;
				CLANG_WARN_OBJC_LITERAL_CONVERSION = YES;
				CLANG_WARN_OBJC_ROOT_CLASS = YES_ERROR;
				CLANG_WARN_QUOTED_INCLUDE_IN_FRAMEWORK_HEADER = YES;
				CLANG_WARN_RANGE_LOOP_ANALYSIS = YES;
				CLANG_WARN_STRICT_PROTOTYPES = YES;
				CLANG_WARN_SUSPICIOUS_MOVE = YES;
				CLANG_WARN_UNGUARDED_AVAILABILITY = YES_AGGRESSIVE;
				CLANG_WARN_UNREACHABLE_CODE = YES;
				CLANG_WARN__DUPLICATE_METHOD_MATCH = YES;
				COPY_PHASE_STRIP = NO;
				DEBUG_INFORMATION_FORMAT = dwarf;
				DEVELOPMENT_TEAM = 8VNY625MD3;
				ENABLE_STRICT_OBJC_MSGSEND = YES;
				ENABLE_TESTABILITY = YES;
				ENABLE_USER_SCRIPT_SANDBOXING = YES;
				GCC_C_LANGUAGE_STANDARD = gnu17;
				GCC_DYNAMIC_NO_PIC = NO;
				GCC_NO_COMMON_BLOCKS = YES;
				GCC_OPTIMIZATION_LEVEL = 0;
				GCC_PREPROCESSOR_DEFINITIONS = (
					"DEBUG=1",
					"$(inherited)",
				);
				GCC_WARN_64_TO_32_BIT_CONVERSION = YES;
				GCC_WARN_ABOUT_RETURN_TYPE = YES_ERROR;
				GCC_WARN_UNDECLARED_SELECTOR = YES;
				GCC_WARN_UNINITIALIZED_AUTOS = YES_AGGRESSIVE;
				GCC_WARN_UNUSED_FUNCTION = YES;
				GCC_WARN_UNUSED_VARIABLE = YES;
				INFOPLIST_KEY_NSCameraUsageDescription = "Camera used to upload photos.";
				INFOPLIST_KEY_NSPhotoLibraryAddUsageDescription = "This app needs to save finished collages to photo library.";
				INFOPLIST_KEY_NSPhotoLibraryUsageDescription = "Uses photo library to upload photos to collages.";
				LOCALIZATION_PREFERS_STRING_CATALOGS = YES;
				MTL_ENABLE_DEBUG_INFO = INCLUDE_SOURCE;
				MTL_FAST_MATH = YES;
				ONLY_ACTIVE_ARCH = YES;
				SWIFT_ACTIVE_COMPILATION_CONDITIONS = "DEBUG $(inherited)";
				SWIFT_OPTIMIZATION_LEVEL = "-Onone";
			};
			name = Debug;
		};
		9CB7FA622E8F79AC00ADAEB7 /* Release */ = {
			isa = XCBuildConfiguration;
			buildSettings = {
				ALWAYS_SEARCH_USER_PATHS = NO;
				ASSETCATALOG_COMPILER_GENERATE_SWIFT_ASSET_SYMBOL_EXTENSIONS = YES;
				CLANG_ANALYZER_NONNULL = YES;
				CLANG_ANALYZER_NUMBER_OBJECT_CONVERSION = YES_AGGRESSIVE;
				CLANG_CXX_LANGUAGE_STANDARD = "gnu++20";
				CLANG_ENABLE_MODULES = YES;
				CLANG_ENABLE_OBJC_ARC = YES;
				CLANG_ENABLE_OBJC_WEAK = YES;
				CLANG_WARN_BLOCK_CAPTURE_AUTORELEASING = YES;
				CLANG_WARN_BOOL_CONVERSION = YES;
				CLANG_WARN_COMMA = YES;
				CLANG_WARN_CONSTANT_CONVERSION = YES;
				CLANG_WARN_DEPRECATED_OBJC_IMPLEMENTATIONS = YES;
				CLANG_WARN_DIRECT_OBJC_ISA_USAGE = YES_ERROR;
				CLANG_WARN_DOCUMENTATION_COMMENTS = YES;
				CLANG_WARN_EMPTY_BODY = YES;
				CLANG_WARN_ENUM_CONVERSION = YES;
				CLANG_WARN_INFINITE_RECURSION = YES;
				CLANG_WARN_INT_CONVERSION = YES;
				CLANG_WARN_NON_LITERAL_NULL_CONVERSION = YES;
				CLANG_WARN_OBJC_IMPLICIT_RETAIN_SELF = YES;
				CLANG_WARN_OBJC_LITERAL_CONVERSION = YES;
				CLANG_WARN_OBJC_ROOT_CLASS = YES_ERROR;
				CLANG_WARN_QUOTED_INCLUDE_IN_FRAMEWORK_HEADER = YES;
				CLANG_WARN_RANGE_LOOP_ANALYSIS = YES;
				CLANG_WARN_STRICT_PROTOTYPES = YES;
				CLANG_WARN_SUSPICIOUS_MOVE = YES;
				CLANG_WARN_UNGUARDED_AVAILABILITY = YES_AGGRESSIVE;
				CLANG_WARN_UNREACHABLE_CODE = YES;
				CLANG_WARN__DUPLICATE_METHOD_MATCH = YES;
				COPY_PHASE_STRIP = NO;
				DEBUG_INFORMATION_FORMAT = "dwarf-with-dsym";
				DEVELOPMENT_TEAM = 8VNY625MD3;
				ENABLE_NS_ASSERTIONS = NO;
				ENABLE_STRICT_OBJC_MSGSEND = YES;
				ENABLE_USER_SCRIPT_SANDBOXING = YES;
				GCC_C_LANGUAGE_STANDARD = gnu17;
				GCC_NO_COMMON_BLOCKS = YES;
				GCC_WARN_64_TO_32_BIT_CONVERSION = YES;
				GCC_WARN_ABOUT_RETURN_TYPE = YES_ERROR;
				GCC_WARN_UNDECLARED_SELECTOR = YES;
				GCC_WARN_UNINITIALIZED_AUTOS = YES_AGGRESSIVE;
				GCC_WARN_UNUSED_FUNCTION = YES;
				GCC_WARN_UNUSED_VARIABLE = YES;
				INFOPLIST_KEY_NSCameraUsageDescription = "Camera used to upload photos.";
				INFOPLIST_KEY_NSPhotoLibraryAddUsageDescription = "This app needs to save finished collages to photo library.";
				INFOPLIST_KEY_NSPhotoLibraryUsageDescription = "Uses photo library to upload photos to collages.";
				LOCALIZATION_PREFERS_STRING_CATALOGS = YES;
				MTL_ENABLE_DEBUG_INFO = NO;
				MTL_FAST_MATH = YES;
				SWIFT_COMPILATION_MODE = wholemodule;
			};
			name = Release;
		};
		9CB7FA642E8F79AC00ADAEB7 /* Debug */ = {
			isa = XCBuildConfiguration;
			buildSettings = {
				ASSETCATALOG_COMPILER_APPICON_NAME = AppIcon;
				ASSETCATALOG_COMPILER_GLOBAL_ACCENT_COLOR_NAME = AccentColor;
				CODE_SIGN_ENTITLEMENTS = "PATCH'D/PATCH_D.entitlements";
				CODE_SIGN_STYLE = Automatic;
				CURRENT_PROJECT_VERSION = 1;
				DEVELOPMENT_TEAM = R7YF553FYX;
				ENABLE_HARDENED_RUNTIME = YES;
				ENABLE_PREVIEWS = YES;
				GENERATE_INFOPLIST_FILE = YES;
				INFOPLIST_KEY_NSCameraUsageDescription = "Camera used to upload photos.";
				INFOPLIST_KEY_NSPhotoLibraryAddUsageDescription = "This app needs to save finished collages to photo library.";
				INFOPLIST_KEY_NSPhotoLibraryUsageDescription = "Uses photo library to upload photos to collages.";
				"INFOPLIST_KEY_UIApplicationSceneManifest_Generation[sdk=iphoneos*]" = YES;
				"INFOPLIST_KEY_UIApplicationSceneManifest_Generation[sdk=iphonesimulator*]" = YES;
				"INFOPLIST_KEY_UIApplicationSupportsIndirectInputEvents[sdk=iphoneos*]" = YES;
				"INFOPLIST_KEY_UIApplicationSupportsIndirectInputEvents[sdk=iphonesimulator*]" = YES;
				"INFOPLIST_KEY_UILaunchScreen_Generation[sdk=iphoneos*]" = YES;
				"INFOPLIST_KEY_UILaunchScreen_Generation[sdk=iphonesimulator*]" = YES;
				"INFOPLIST_KEY_UIStatusBarStyle[sdk=iphoneos*]" = UIStatusBarStyleDefault;
				"INFOPLIST_KEY_UIStatusBarStyle[sdk=iphonesimulator*]" = UIStatusBarStyleDefault;
				INFOPLIST_KEY_UISupportedInterfaceOrientations_iPad = "UIInterfaceOrientationPortrait UIInterfaceOrientationPortraitUpsideDown UIInterfaceOrientationLandscapeLeft UIInterfaceOrientationLandscapeRight";
				INFOPLIST_KEY_UISupportedInterfaceOrientations_iPhone = "UIInterfaceOrientationPortrait UIInterfaceOrientationLandscapeLeft UIInterfaceOrientationLandscapeRight";
				IPHONEOS_DEPLOYMENT_TARGET = 18.5;
				LD_RUNPATH_SEARCH_PATHS = "@executable_path/Frameworks";
				"LD_RUNPATH_SEARCH_PATHS[sdk=macosx*]" = "@executable_path/../Frameworks";
				MACOSX_DEPLOYMENT_TARGET = 15.5;
				MARKETING_VERSION = 1.0;
				PRODUCT_BUNDLE_IDENTIFIER = "com.IYA.JaniceChung.PATCH-D";
				PRODUCT_NAME = "$(TARGET_NAME)";
				REGISTER_APP_GROUPS = YES;
				SDKROOT = auto;
				SUPPORTED_PLATFORMS = "iphoneos iphonesimulator macosx xros xrsimulator";
				SWIFT_EMIT_LOC_STRINGS = YES;
				SWIFT_VERSION = 5.0;
				TARGETED_DEVICE_FAMILY = "1,2,7";
				XROS_DEPLOYMENT_TARGET = 2.5;
			};
			name = Debug;
		};
		9CB7FA652E8F79AC00ADAEB7 /* Release */ = {
			isa = XCBuildConfiguration;
			buildSettings = {
				ASSETCATALOG_COMPILER_APPICON_NAME = AppIcon;
				ASSETCATALOG_COMPILER_GLOBAL_ACCENT_COLOR_NAME = AccentColor;
				CODE_SIGN_ENTITLEMENTS = "PATCH'D/PATCH_D.entitlements";
				CODE_SIGN_STYLE = Automatic;
				CURRENT_PROJECT_VERSION = 1;
				DEVELOPMENT_TEAM = R7YF553FYX;
				ENABLE_HARDENED_RUNTIME = YES;
				ENABLE_PREVIEWS = YES;
				GENERATE_INFOPLIST_FILE = YES;
				INFOPLIST_KEY_NSCameraUsageDescription = "Camera used to upload photos.";
				INFOPLIST_KEY_NSPhotoLibraryAddUsageDescription = "This app needs to save finished collages to photo library.";
				INFOPLIST_KEY_NSPhotoLibraryUsageDescription = "Uses photo library to upload photos to collages.";
				"INFOPLIST_KEY_UIApplicationSceneManifest_Generation[sdk=iphoneos*]" = YES;
				"INFOPLIST_KEY_UIApplicationSceneManifest_Generation[sdk=iphonesimulator*]" = YES;
				"INFOPLIST_KEY_UIApplicationSupportsIndirectInputEvents[sdk=iphoneos*]" = YES;
				"INFOPLIST_KEY_UIApplicationSupportsIndirectInputEvents[sdk=iphonesimulator*]" = YES;
				"INFOPLIST_KEY_UILaunchScreen_Generation[sdk=iphoneos*]" = YES;
				"INFOPLIST_KEY_UILaunchScreen_Generation[sdk=iphonesimulator*]" = YES;
				"INFOPLIST_KEY_UIStatusBarStyle[sdk=iphoneos*]" = UIStatusBarStyleDefault;
				"INFOPLIST_KEY_UIStatusBarStyle[sdk=iphonesimulator*]" = UIStatusBarStyleDefault;
				INFOPLIST_KEY_UISupportedInterfaceOrientations_iPad = "UIInterfaceOrientationPortrait UIInterfaceOrientationPortraitUpsideDown UIInterfaceOrientationLandscapeLeft UIInterfaceOrientationLandscapeRight";
				INFOPLIST_KEY_UISupportedInterfaceOrientations_iPhone = "UIInterfaceOrientationPortrait UIInterfaceOrientationLandscapeLeft UIInterfaceOrientationLandscapeRight";
				IPHONEOS_DEPLOYMENT_TARGET = 18.5;
				LD_RUNPATH_SEARCH_PATHS = "@executable_path/Frameworks";
				"LD_RUNPATH_SEARCH_PATHS[sdk=macosx*]" = "@executable_path/../Frameworks";
				MACOSX_DEPLOYMENT_TARGET = 15.5;
				MARKETING_VERSION = 1.0;
				PRODUCT_BUNDLE_IDENTIFIER = "com.IYA.JaniceChung.PATCH-D";
				PRODUCT_NAME = "$(TARGET_NAME)";
				REGISTER_APP_GROUPS = YES;
				SDKROOT = auto;
				SUPPORTED_PLATFORMS = "iphoneos iphonesimulator macosx xros xrsimulator";
				SWIFT_EMIT_LOC_STRINGS = YES;
				SWIFT_VERSION = 5.0;
				TARGETED_DEVICE_FAMILY = "1,2,7";
				XROS_DEPLOYMENT_TARGET = 2.5;
			};
			name = Release;
		};
		9CB7FA672E8F79AC00ADAEB7 /* Debug */ = {
			isa = XCBuildConfiguration;
			buildSettings = {
				BUNDLE_LOADER = "$(TEST_HOST)";
				CODE_SIGN_STYLE = Automatic;
				CURRENT_PROJECT_VERSION = 1;
				DEVELOPMENT_TEAM = 8VNY625MD3;
				GENERATE_INFOPLIST_FILE = YES;
				IPHONEOS_DEPLOYMENT_TARGET = 18.5;
				MACOSX_DEPLOYMENT_TARGET = 15.5;
				MARKETING_VERSION = 1.0;
				PRODUCT_BUNDLE_IDENTIFIER = "com.IYA.RicardoPayares.PATCH-DTests";
				PRODUCT_NAME = "$(TARGET_NAME)";
				SDKROOT = auto;
				SUPPORTED_PLATFORMS = "iphoneos iphonesimulator macosx xros xrsimulator";
				SWIFT_EMIT_LOC_STRINGS = NO;
				SWIFT_VERSION = 5.0;
				TARGETED_DEVICE_FAMILY = "1,2,7";
				TEST_HOST = "$(BUILT_PRODUCTS_DIR)/PATCH'D.app/$(BUNDLE_EXECUTABLE_FOLDER_PATH)/PATCH'D";
				XROS_DEPLOYMENT_TARGET = 2.5;
			};
			name = Debug;
		};
		9CB7FA682E8F79AC00ADAEB7 /* Release */ = {
			isa = XCBuildConfiguration;
			buildSettings = {
				BUNDLE_LOADER = "$(TEST_HOST)";
				CODE_SIGN_STYLE = Automatic;
				CURRENT_PROJECT_VERSION = 1;
				DEVELOPMENT_TEAM = 8VNY625MD3;
				GENERATE_INFOPLIST_FILE = YES;
				IPHONEOS_DEPLOYMENT_TARGET = 18.5;
				MACOSX_DEPLOYMENT_TARGET = 15.5;
				MARKETING_VERSION = 1.0;
				PRODUCT_BUNDLE_IDENTIFIER = "com.IYA.RicardoPayares.PATCH-DTests";
				PRODUCT_NAME = "$(TARGET_NAME)";
				SDKROOT = auto;
				SUPPORTED_PLATFORMS = "iphoneos iphonesimulator macosx xros xrsimulator";
				SWIFT_EMIT_LOC_STRINGS = NO;
				SWIFT_VERSION = 5.0;
				TARGETED_DEVICE_FAMILY = "1,2,7";
				TEST_HOST = "$(BUILT_PRODUCTS_DIR)/PATCH'D.app/$(BUNDLE_EXECUTABLE_FOLDER_PATH)/PATCH'D";
				XROS_DEPLOYMENT_TARGET = 2.5;
			};
			name = Release;
		};
		9CB7FA6A2E8F79AC00ADAEB7 /* Debug */ = {
			isa = XCBuildConfiguration;
			buildSettings = {
				CODE_SIGN_STYLE = Automatic;
				CURRENT_PROJECT_VERSION = 1;
				DEVELOPMENT_TEAM = 8VNY625MD3;
				GENERATE_INFOPLIST_FILE = YES;
				IPHONEOS_DEPLOYMENT_TARGET = 18.5;
				MACOSX_DEPLOYMENT_TARGET = 15.5;
				MARKETING_VERSION = 1.0;
				PRODUCT_BUNDLE_IDENTIFIER = "com.IYA.RicardoPayares.PATCH-DUITests";
				PRODUCT_NAME = "$(TARGET_NAME)";
				SDKROOT = auto;
				SUPPORTED_PLATFORMS = "iphoneos iphonesimulator macosx xros xrsimulator";
				SWIFT_EMIT_LOC_STRINGS = NO;
				SWIFT_VERSION = 5.0;
				TARGETED_DEVICE_FAMILY = "1,2,7";
				TEST_TARGET_NAME = "PATCH'D";
				XROS_DEPLOYMENT_TARGET = 2.5;
			};
			name = Debug;
		};
		9CB7FA6B2E8F79AC00ADAEB7 /* Release */ = {
			isa = XCBuildConfiguration;
			buildSettings = {
				CODE_SIGN_STYLE = Automatic;
				CURRENT_PROJECT_VERSION = 1;
				DEVELOPMENT_TEAM = 8VNY625MD3;
				GENERATE_INFOPLIST_FILE = YES;
				IPHONEOS_DEPLOYMENT_TARGET = 18.5;
				MACOSX_DEPLOYMENT_TARGET = 15.5;
				MARKETING_VERSION = 1.0;
				PRODUCT_BUNDLE_IDENTIFIER = "com.IYA.RicardoPayares.PATCH-DUITests";
				PRODUCT_NAME = "$(TARGET_NAME)";
				SDKROOT = auto;
				SUPPORTED_PLATFORMS = "iphoneos iphonesimulator macosx xros xrsimulator";
				SWIFT_EMIT_LOC_STRINGS = NO;
				SWIFT_VERSION = 5.0;
				TARGETED_DEVICE_FAMILY = "1,2,7";
				TEST_TARGET_NAME = "PATCH'D";
				XROS_DEPLOYMENT_TARGET = 2.5;
			};
			name = Release;
		};
/* End XCBuildConfiguration section */

/* Begin XCConfigurationList section */
		9CB7FA3C2E8F79AA00ADAEB7 /* Build configuration list for PBXProject "PATCH'D" */ = {
			isa = XCConfigurationList;
			buildConfigurations = (
				9CB7FA612E8F79AC00ADAEB7 /* Debug */,
				9CB7FA622E8F79AC00ADAEB7 /* Release */,
			);
			defaultConfigurationIsVisible = 0;
			defaultConfigurationName = Release;
		};
		9CB7FA632E8F79AC00ADAEB7 /* Build configuration list for PBXNativeTarget "PATCH'D" */ = {
			isa = XCConfigurationList;
			buildConfigurations = (
				9CB7FA642E8F79AC00ADAEB7 /* Debug */,
				9CB7FA652E8F79AC00ADAEB7 /* Release */,
			);
			defaultConfigurationIsVisible = 0;
			defaultConfigurationName = Release;
		};
		9CB7FA662E8F79AC00ADAEB7 /* Build configuration list for PBXNativeTarget "PATCH'DTests" */ = {
			isa = XCConfigurationList;
			buildConfigurations = (
				9CB7FA672E8F79AC00ADAEB7 /* Debug */,
				9CB7FA682E8F79AC00ADAEB7 /* Release */,
			);
			defaultConfigurationIsVisible = 0;
			defaultConfigurationName = Release;
		};
		9CB7FA692E8F79AC00ADAEB7 /* Build configuration list for PBXNativeTarget "PATCH'DUITests" */ = {
			isa = XCConfigurationList;
			buildConfigurations = (
				9CB7FA6A2E8F79AC00ADAEB7 /* Debug */,
				9CB7FA6B2E8F79AC00ADAEB7 /* Release */,
			);
			defaultConfigurationIsVisible = 0;
			defaultConfigurationName = Release;
		};
/* End XCConfigurationList section */

/* Begin XCRemoteSwiftPackageReference section */
		9C15F1732EAA716600A1B13E /* XCRemoteSwiftPackageReference "avif.swift" */ = {
			isa = XCRemoteSwiftPackageReference;
			repositoryURL = "https://github.com/awxkee/avif.swift.git";
			requirement = {
				kind = upToNextMajorVersion;
				minimumVersion = 2.1.1;
			};
		};
		9CB7FA792E95F99900ADAEB7 /* XCRemoteSwiftPackageReference "supabase-swift" */ = {
			isa = XCRemoteSwiftPackageReference;
			repositoryURL = "https://github.com/supabase-community/supabase-swift.git";
			requirement = {
				kind = upToNextMajorVersion;
				minimumVersion = 2.5.1;
			};
		};
/* End XCRemoteSwiftPackageReference section */

/* Begin XCSwiftPackageProductDependency section */
		9C15F1742EAA716600A1B13E /* avif */ = {
			isa = XCSwiftPackageProductDependency;
			package = 9C15F1732EAA716600A1B13E /* XCRemoteSwiftPackageReference "avif.swift" */;
			productName = avif;
		};
		9CB7FA7A2E95F99900ADAEB7 /* Auth */ = {
			isa = XCSwiftPackageProductDependency;
			package = 9CB7FA792E95F99900ADAEB7 /* XCRemoteSwiftPackageReference "supabase-swift" */;
			productName = Auth;
		};
		9CB7FA7C2E95F99900ADAEB7 /* Functions */ = {
			isa = XCSwiftPackageProductDependency;
			package = 9CB7FA792E95F99900ADAEB7 /* XCRemoteSwiftPackageReference "supabase-swift" */;
			productName = Functions;
		};
		9CB7FA7E2E95F99900ADAEB7 /* PostgREST */ = {
			isa = XCSwiftPackageProductDependency;
			package = 9CB7FA792E95F99900ADAEB7 /* XCRemoteSwiftPackageReference "supabase-swift" */;
			productName = PostgREST;
		};
		9CB7FA802E95F99900ADAEB7 /* Realtime */ = {
			isa = XCSwiftPackageProductDependency;
			package = 9CB7FA792E95F99900ADAEB7 /* XCRemoteSwiftPackageReference "supabase-swift" */;
			productName = Realtime;
		};
		9CB7FA822E95F99900ADAEB7 /* Storage */ = {
			isa = XCSwiftPackageProductDependency;
			package = 9CB7FA792E95F99900ADAEB7 /* XCRemoteSwiftPackageReference "supabase-swift" */;
			productName = Storage;
		};
		9CB7FA842E95FBB100ADAEB7 /* Supabase */ = {
			isa = XCSwiftPackageProductDependency;
			package = 9CB7FA792E95F99900ADAEB7 /* XCRemoteSwiftPackageReference "supabase-swift" */;
			productName = Supabase;
		};
/* End XCSwiftPackageProductDependency section */
	};
	rootObject = 9CB7FA392E8F79AA00ADAEB7 /* Project object */;
}
